<?xml version="1.0" encoding="utf-8"?>
<Project ToolsVersion="4.0" xmlns="http://schemas.microsoft.com/developer/msbuild/2003">
  <ItemGroup>
    <Filter Include="Source Files">
      <UniqueIdentifier>{4FC737F1-C7A5-4376-A066-2A32D752A2FF}</UniqueIdentifier>
      <Extensions>cpp;c;cc;cxx;c++;cppm;ixx;def;odl;idl;hpj;bat;asm;asmx</Extensions>
    </Filter>
    <Filter Include="Header Files">
      <UniqueIdentifier>{93995380-89BD-4b04-88EB-625FBE52EBFB}</UniqueIdentifier>
      <Extensions>h;hh;hpp;hxx;h++;hm;inl;inc;ipp;xsd</Extensions>
    </Filter>
    <Filter Include="Resource Files">
      <UniqueIdentifier>{67DA6AB6-F800-4c08-8B7A-83BB121AAD01}</UniqueIdentifier>
      <Extensions>rc;ico;cur;bmp;dlg;rc2;rct;bin;rgs;gif;jpg;jpeg;jpe;resx;tiff;tif;png;wav;mfcribbon-ms</Extensions>
    </Filter>
  </ItemGroup>
  <ItemGroup>
    <ClCompile Include="lightDemo.cpp">
      <Filter>Source Files</Filter>
    </ClCompile>
    <ClCompile Include="basic_geometry.cpp">
      <Filter>Source Files</Filter>
    </ClCompile>
    <ClCompile Include="mathUtility.cpp">
      <Filter>Source Files</Filter>
    </ClCompile>
    <ClCompile Include="texture.cpp">
      <Filter>Source Files</Filter>
    </ClCompile>
    <ClCompile Include="shader.cpp">
      <Filter>Source Files</Filter>
    </ClCompile>
    <ClCompile Include="renderer.cpp">
      <Filter>Source Files</Filter>
    </ClCompile>
    <ClCompile Include="meshFromAssimp.cpp">
      <Filter>Source Files</Filter>
    </ClCompile>
    <ClCompile Include="Texture_Loader.cpp">
      <Filter>Source Files</Filter>
    </ClCompile>
  </ItemGroup>
  <ItemGroup>
    <None Include="shaders\ttf.frag">
      <Filter>Resource Files</Filter>
    </None>
    <None Include="shaders\ttf.vert">
      <Filter>Resource Files</Filter>
    </None>
    <None Include="shaders\mesh.vert">
      <Filter>Resource Files</Filter>
    </None>
    <None Include="shaders\mesh.frag">
      <Filter>Resource Files</Filter>
    </None>
    <None Include="x64\Debug\MyAVT_Template.exe.recipe" />
    <None Include="x64\Debug\vc143.idb" />
    <None Include="x64\Debug\vc143.pdb" />
    <None Include="spider\spider.mtl" />
  </ItemGroup>
  <ItemGroup>
    <ClInclude Include="cube.h">
      <Filter>Header Files</Filter>
    </ClInclude>
    <ClInclude Include="mathUtility.h">
      <Filter>Header Files</Filter>
    </ClInclude>
    <ClInclude Include="model.h">
      <Filter>Header Files</Filter>
    </ClInclude>
    <ClInclude Include="shader.h">
      <Filter>Header Files</Filter>
    </ClInclude>
    <ClInclude Include="texture.h">
      <Filter>Header Files</Filter>
    </ClInclude>
    <ClInclude Include="stb_rect_pack.h">
      <Filter>Header Files</Filter>
    </ClInclude>
    <ClInclude Include="stb_truetype.h">
      <Filter>Header Files</Filter>
    </ClInclude>
    <ClInclude Include="renderer.h">
      <Filter>Header Files</Filter>
    </ClInclude>
    <ClInclude Include="meshFromAssimp.h">
      <Filter>Header Files</Filter>
    </ClInclude>
    <ClInclude Include="Texture_Loader.h">
      <Filter>Header Files</Filter>
    </ClInclude>
    <ClInclude Include="VertexAttrDef.h">
      <Filter>Header Files</Filter>
    </ClInclude>
  </ItemGroup>
  <ItemGroup>
    <Image Include="..\..\..\concrete.jpg">
      <Filter>Resource Files</Filter>
    </Image>
    <Image Include="assets\concrete.jpg">
      <Filter>Resource Files</Filter>
    </Image>
    <Image Include="assets\cobblestone.png">
      <Filter>Resource Files</Filter>
    </Image>
    <Image Include="assets\skyscraper_night.jpg">
      <Filter>Resource Files</Filter>
    </Image>
    <Image Include="spider\drkwood2.jpg">
      <Filter>Resource Files</Filter>
    </Image>
    <Image Include="spider\engineflare1.jpg">
      <Filter>Resource Files</Filter>
    </Image>
    <Image Include="spider\SpiderTex.jpg">
      <Filter>Resource Files</Filter>
    </Image>
    <Image Include="spider\wal67ar_small.jpg">
      <Filter>Resource Files</Filter>
    </Image>
    <Image Include="spider\wal69ar_small.jpg">
      <Filter>Resource Files</Filter>
    </Image>
    <Image Include="assets\checker.png">
      <Filter>Resource Files</Filter>
    </Image>
    <Image Include="assets\crcl.tga" />
    <Image Include="assets\flar.tga" />
    <Image Include="assets\graycloud_bk.jpg">
      <Filter>Resource Files</Filter>
    </Image>
    <Image Include="assets\graycloud_dn.jpg">
      <Filter>Resource Files</Filter>
    </Image>
    <Image Include="assets\graycloud_ft.jpg">
      <Filter>Resource Files</Filter>
    </Image>
    <Image Include="assets\graycloud_lf.jpg">
      <Filter>Resource Files</Filter>
    </Image>
    <Image Include="assets\graycloud_rt.jpg">
      <Filter>Resource Files</Filter>
    </Image>
    <Image Include="assets\graycloud_up.jpg">
      <Filter>Resource Files</Filter>
    </Image>
    <Image Include="assets\hxgn.tga" />
    <Image Include="assets\lightwood.tga" />
    <Image Include="assets\ring.tga" />
    <Image Include="assets\skyscraper_glass.jpg">
      <Filter>Resource Files</Filter>
    </Image>
    <Image Include="assets\skyscraper_plain.jpg">
      <Filter>Resource Files</Filter>
    </Image>
    <Image Include="assets\skyscraper_residential.jpg">
      <Filter>Resource Files</Filter>
    </Image>
    <Image Include="assets\smoke_particle.png">
      <Filter>Resource Files</Filter>
    </Image>
    <Image Include="assets\stone.tga" />
    <Image Include="assets\sun.tga" />
    <Image Include="assets\test_normal.jpg">
      <Filter>Resource Files</Filter>
    </Image>
  </ItemGroup>
  <ItemGroup>
    <Object Include="x64\Debug\basic_geometry.obj" />
    <Object Include="x64\Debug\lightDemo.obj" />
    <Object Include="x64\Debug\mathUtility.obj" />
    <Object Include="x64\Debug\renderer.obj" />
    <Object Include="x64\Debug\shader.obj" />
    <Object Include="x64\Debug\texture.obj" />
  </ItemGroup>
  <ItemGroup>
    <Text Include="x64\Debug\MyAVT_Template.Build.CppClean.log" />
    <Text Include="x64\Debug\MyAVT_Template.log" />
    <Text Include="x64\Debug\MyAVT_Template.vcxproj.FileListAbsolute.txt" />
    <Text Include="assets\flare.txt" />
  </ItemGroup>
</Project>